
Microsoft Visual Studio Solution File, Format Version 12.00
# Visual Studio 15
VisualStudioVersion = 15.0.26430.14
MinimumVisualStudioVersion = 10.0.40219.1
Project("{9A19103F-16F7-4668-BE54-9A1E7A4F7556}") = "Checkout.Cart.Tests", "Checkout.Cart.Tests\Checkout.Cart.Tests.csproj", "{95798DC2-3749-4EE0-A4DC-A473EEA42CD7}"
EndProject
Project("{9A19103F-16F7-4668-BE54-9A1E7A4F7556}") = "Checkout.Cart.RestApi", "Checkout.Cart.RestApi\Checkout.Cart.RestApi.csproj", "{46BE4966-2963-48A9-9918-D9A1AED69E81}"
EndProject
Project("{2150E333-8FDC-42A3-9474-1A3956D46DE8}") = "Solution Items", "Solution Items", "{42A226E0-3889-4E81-8B74-500B54346B00}"
	ProjectSection(SolutionItems) = preProject
		README.md = README.md
	EndProjectSection
EndProject
Global
	GlobalSection(SolutionConfigurationPlatforms) = preSolution
		Debug|Any CPU = Debug|Any CPU
		Release|Any CPU = Release|Any CPU
	EndGlobalSection
	GlobalSection(ProjectConfigurationPlatforms) = postSolution
		{95798DC2-3749-4EE0-A4DC-A473EEA42CD7}.Debug|Any CPU.ActiveCfg = Debug|Any CPU
		{95798DC2-3749-4EE0-A4DC-A473EEA42CD7}.Debug|Any CPU.Build.0 = Debug|Any CPU
		{95798DC2-3749-4EE0-A4DC-A473EEA42CD7}.Release|Any CPU.ActiveCfg = Release|Any CPU
		{95798DC2-3749-4EE0-A4DC-A473EEA42CD7}.Release|Any CPU.Build.0 = Release|Any CPU
		{46BE4966-2963-48A9-9918-D9A1AED69E81}.Debug|Any CPU.ActiveCfg = Debug|Any CPU
		{46BE4966-2963-48A9-9918-D9A1AED69E81}.Debug|Any CPU.Build.0 = Debug|Any CPU
		{46BE4966-2963-48A9-9918-D9A1AED69E81}.Release|Any CPU.ActiveCfg = Release|Any CPU
		{46BE4966-2963-48A9-9918-D9A1AED69E81}.Release|Any CPU.Build.0 = Release|Any CPU
	EndGlobalSection
	GlobalSection(SolutionProperties) = preSolution
		HideSolutionNode = FALSE
	EndGlobalSection
EndGlobal
